
Microsoft Visual Studio Solution File, Format Version 12.00
# Visual Studio Version 16
VisualStudioVersion = 16.0.30114.105
MinimumVisualStudioVersion = 10.0.40219.1
Project("{FAE04EC0-301F-11D3-BF4B-00C04F79EFBC}") = "API", "API\API.csproj", "{5474BD61-BEE0-4AFB-B510-61231600CC21}"
EndProject
Project("{FAE04EC0-301F-11D3-BF4B-00C04F79EFBC}") = "Core", "core\Core.csproj", "{90C41934-ED20-4F60-932D-9567772CDBA5}"
EndProject
Project("{FAE04EC0-301F-11D3-BF4B-00C04F79EFBC}") = "Infrastructure", "infrastructure\Infrastructure.csproj", "{971BAF45-EA1F-4755-AFAD-058437B1BBD8}"
EndProject
Global
	GlobalSection(SolutionConfigurationPlatforms) = preSolution
		Debug|Any CPU = Debug|Any CPU
		Debug|x64 = Debug|x64
		Debug|x86 = Debug|x86
		Release|Any CPU = Release|Any CPU
		Release|x64 = Release|x64
		Release|x86 = Release|x86
	EndGlobalSection
	GlobalSection(SolutionProperties) = preSolution
		HideSolutionNode = FALSE
	EndGlobalSection
	GlobalSection(ProjectConfigurationPlatforms) = postSolution
		{5474BD61-BEE0-4AFB-B510-61231600CC21}.Debug|Any CPU.ActiveCfg = Debug|Any CPU
		{5474BD61-BEE0-4AFB-B510-61231600CC21}.Debug|Any CPU.Build.0 = Debug|Any CPU
		{5474BD61-BEE0-4AFB-B510-61231600CC21}.Debug|x64.ActiveCfg = Debug|Any CPU
		{5474BD61-BEE0-4AFB-B510-61231600CC21}.Debug|x64.Build.0 = Debug|Any CPU
		{5474BD61-BEE0-4AFB-B510-61231600CC21}.Debug|x86.ActiveCfg = Debug|Any CPU
		{5474BD61-BEE0-4AFB-B510-61231600CC21}.Debug|x86.Build.0 = Debug|Any CPU
		{5474BD61-BEE0-4AFB-B510-61231600CC21}.Release|Any CPU.ActiveCfg = Release|Any CPU
		{5474BD61-BEE0-4AFB-B510-61231600CC21}.Release|Any CPU.Build.0 = Release|Any CPU
		{5474BD61-BEE0-4AFB-B510-61231600CC21}.Release|x64.ActiveCfg = Release|Any CPU
		{5474BD61-BEE0-4AFB-B510-61231600CC21}.Release|x64.Build.0 = Release|Any CPU
		{5474BD61-BEE0-4AFB-B510-61231600CC21}.Release|x86.ActiveCfg = Release|Any CPU
		{5474BD61-BEE0-4AFB-B510-61231600CC21}.Release|x86.Build.0 = Release|Any CPU
		{90C41934-ED20-4F60-932D-9567772CDBA5}.Debug|Any CPU.ActiveCfg = Debug|Any CPU
		{90C41934-ED20-4F60-932D-9567772CDBA5}.Debug|Any CPU.Build.0 = Debug|Any CPU
		{90C41934-ED20-4F60-932D-9567772CDBA5}.Debug|x64.ActiveCfg = Debug|Any CPU
		{90C41934-ED20-4F60-932D-9567772CDBA5}.Debug|x64.Build.0 = Debug|Any CPU
		{90C41934-ED20-4F60-932D-9567772CDBA5}.Debug|x86.ActiveCfg = Debug|Any CPU
		{90C41934-ED20-4F60-932D-9567772CDBA5}.Debug|x86.Build.0 = Debug|Any CPU
		{90C41934-ED20-4F60-932D-9567772CDBA5}.Release|Any CPU.ActiveCfg = Release|Any CPU
		{90C41934-ED20-4F60-932D-9567772CDBA5}.Release|Any CPU.Build.0 = Release|Any CPU
		{90C41934-ED20-4F60-932D-9567772CDBA5}.Release|x64.ActiveCfg = Release|Any CPU
		{90C41934-ED20-4F60-932D-9567772CDBA5}.Release|x64.Build.0 = Release|Any CPU
		{90C41934-ED20-4F60-932D-9567772CDBA5}.Release|x86.ActiveCfg = Release|Any CPU
		{90C41934-ED20-4F60-932D-9567772CDBA5}.Release|x86.Build.0 = Release|Any CPU
		{971BAF45-EA1F-4755-AFAD-058437B1BBD8}.Debug|Any CPU.ActiveCfg = Debug|Any CPU
		{971BAF45-EA1F-4755-AFAD-058437B1BBD8}.Debug|Any CPU.Build.0 = Debug|Any CPU
		{971BAF45-EA1F-4755-AFAD-058437B1BBD8}.Debug|x64.ActiveCfg = Debug|Any CPU
		{971BAF45-EA1F-4755-AFAD-058437B1BBD8}.Debug|x64.Build.0 = Debug|Any CPU
		{971BAF45-EA1F-4755-AFAD-058437B1BBD8}.Debug|x86.ActiveCfg = Debug|Any CPU
		{971BAF45-EA1F-4755-AFAD-058437B1BBD8}.Debug|x86.Build.0 = Debug|Any CPU
		{971BAF45-EA1F-4755-AFAD-058437B1BBD8}.Release|Any CPU.ActiveCfg = Release|Any CPU
		{971BAF45-EA1F-4755-AFAD-058437B1BBD8}.Release|Any CPU.Build.0 = Release|Any CPU
		{971BAF45-EA1F-4755-AFAD-058437B1BBD8}.Release|x64.ActiveCfg = Release|Any CPU
		{971BAF45-EA1F-4755-AFAD-058437B1BBD8}.Release|x64.Build.0 = Release|Any CPU
		{971BAF45-EA1F-4755-AFAD-058437B1BBD8}.Release|x86.ActiveCfg = Release|Any CPU
		{971BAF45-EA1F-4755-AFAD-058437B1BBD8}.Release|x86.Build.0 = Release|Any CPU
	EndGlobalSection
EndGlobal
